
Microsoft Visual Studio Solution File, Format Version 12.00
# Visual Studio Version 17
VisualStudioVersion = 17.12.35506.116 d17.12
MinimumVisualStudioVersion = 10.0.40219.1
Project("{2150E333-8FDC-42A3-9474-1A3956D46DE8}") = "Core", "Core", "{8A09426A-C9FB-46EB-AD71-3AAE85AB10B3}"
EndProject
Project("{2150E333-8FDC-42A3-9474-1A3956D46DE8}") = "Presentation", "Presentation", "{21B1D8B6-0D9B-4D60-B688-F98A45D830C0}"
EndProject
Project("{2150E333-8FDC-42A3-9474-1A3956D46DE8}") = "Infrastructure", "Infrastructure", "{133A0AE9-CD78-48C7-879E-4897BBAD7BFF}"
EndProject
Project("{FAE04EC0-301F-11D3-BF4B-00C04F79EFBC}") = "Application", "Core\Application\Application.csproj", "{6F3EF7EA-5469-414C-9576-93786931E0CF}"
EndProject
Project("{FAE04EC0-301F-11D3-BF4B-00C04F79EFBC}") = "Domain", "Core\Domain\Domain.csproj", "{CF4ACCDD-0D7A-4C99-8EC3-60B5FCC95E2E}"
EndProject
Project("{FAE04EC0-301F-11D3-BF4B-00C04F79EFBC}") = "Infrastructure", "Infrastructure\Infrastructure\Infrastructure.csproj", "{F1C4BB5A-FFC0-4F83-A3D2-589CAF59A955}"
EndProject
Project("{FAE04EC0-301F-11D3-BF4B-00C04F79EFBC}") = "Persistance", "Infrastructure\Persistance\Persistance.csproj", "{0903F2F4-CA0A-4C2C-BF56-F6115E1B740A}"
EndProject
Project("{FAE04EC0-301F-11D3-BF4B-00C04F79EFBC}") = "API", "Presentation\API\API.csproj", "{BB4569C1-2FB8-4177-8F5C-64A535D0B636}"
EndProject
Global
	GlobalSection(SolutionConfigurationPlatforms) = preSolution
		Debug|Any CPU = Debug|Any CPU
		Release|Any CPU = Release|Any CPU
	EndGlobalSection
	GlobalSection(ProjectConfigurationPlatforms) = postSolution
		{6F3EF7EA-5469-414C-9576-93786931E0CF}.Debug|Any CPU.ActiveCfg = Debug|Any CPU
		{6F3EF7EA-5469-414C-9576-93786931E0CF}.Debug|Any CPU.Build.0 = Debug|Any CPU
		{6F3EF7EA-5469-414C-9576-93786931E0CF}.Release|Any CPU.ActiveCfg = Release|Any CPU
		{6F3EF7EA-5469-414C-9576-93786931E0CF}.Release|Any CPU.Build.0 = Release|Any CPU
		{CF4ACCDD-0D7A-4C99-8EC3-60B5FCC95E2E}.Debug|Any CPU.ActiveCfg = Debug|Any CPU
		{CF4ACCDD-0D7A-4C99-8EC3-60B5FCC95E2E}.Debug|Any CPU.Build.0 = Debug|Any CPU
		{CF4ACCDD-0D7A-4C99-8EC3-60B5FCC95E2E}.Release|Any CPU.ActiveCfg = Release|Any CPU
		{CF4ACCDD-0D7A-4C99-8EC3-60B5FCC95E2E}.Release|Any CPU.Build.0 = Release|Any CPU
		{F1C4BB5A-FFC0-4F83-A3D2-589CAF59A955}.Debug|Any CPU.ActiveCfg = Debug|Any CPU
		{F1C4BB5A-FFC0-4F83-A3D2-589CAF59A955}.Debug|Any CPU.Build.0 = Debug|Any CPU
		{F1C4BB5A-FFC0-4F83-A3D2-589CAF59A955}.Release|Any CPU.ActiveCfg = Release|Any CPU
		{F1C4BB5A-FFC0-4F83-A3D2-589CAF59A955}.Release|Any CPU.Build.0 = Release|Any CPU
		{0903F2F4-CA0A-4C2C-BF56-F6115E1B740A}.Debug|Any CPU.ActiveCfg = Debug|Any CPU
		{0903F2F4-CA0A-4C2C-BF56-F6115E1B740A}.Debug|Any CPU.Build.0 = Debug|Any CPU
		{0903F2F4-CA0A-4C2C-BF56-F6115E1B740A}.Release|Any CPU.ActiveCfg = Release|Any CPU
		{0903F2F4-CA0A-4C2C-BF56-F6115E1B740A}.Release|Any CPU.Build.0 = Release|Any CPU
		{BB4569C1-2FB8-4177-8F5C-64A535D0B636}.Debug|Any CPU.ActiveCfg = Debug|Any CPU
		{BB4569C1-2FB8-4177-8F5C-64A535D0B636}.Debug|Any CPU.Build.0 = Debug|Any CPU
		{BB4569C1-2FB8-4177-8F5C-64A535D0B636}.Release|Any CPU.ActiveCfg = Release|Any CPU
		{BB4569C1-2FB8-4177-8F5C-64A535D0B636}.Release|Any CPU.Build.0 = Release|Any CPU
	EndGlobalSection
	GlobalSection(SolutionProperties) = preSolution
		HideSolutionNode = FALSE
	EndGlobalSection
	GlobalSection(NestedProjects) = preSolution
		{6F3EF7EA-5469-414C-9576-93786931E0CF} = {8A09426A-C9FB-46EB-AD71-3AAE85AB10B3}
		{CF4ACCDD-0D7A-4C99-8EC3-60B5FCC95E2E} = {8A09426A-C9FB-46EB-AD71-3AAE85AB10B3}
		{F1C4BB5A-FFC0-4F83-A3D2-589CAF59A955} = {133A0AE9-CD78-48C7-879E-4897BBAD7BFF}
		{0903F2F4-CA0A-4C2C-BF56-F6115E1B740A} = {133A0AE9-CD78-48C7-879E-4897BBAD7BFF}
		{BB4569C1-2FB8-4177-8F5C-64A535D0B636} = {21B1D8B6-0D9B-4D60-B688-F98A45D830C0}
	EndGlobalSection
EndGlobal
